
Microsoft Visual Studio Solution File, Format Version 12.00
# Visual Studio Version 16
VisualStudioVersion = 16.0.29326.143
MinimumVisualStudioVersion = 10.0.40219.1
Project("{FAE04EC0-301F-11D3-BF4B-00C04F79EFBC}") = "toudack1", "toudack1\toudack1.csproj", "{260410D2-2DD1-4742-ABBD-F9EB553456A0}"
EndProject
Global
	GlobalSection(SolutionConfigurationPlatforms) = preSolution
		Debug|Any CPU = Debug|Any CPU
		Release|Any CPU = Release|Any CPU
	EndGlobalSection
	GlobalSection(ProjectConfigurationPlatforms) = postSolution
		{260410D2-2DD1-4742-ABBD-F9EB553456A0}.Debug|Any CPU.ActiveCfg = Debug|Any CPU
		{260410D2-2DD1-4742-ABBD-F9EB553456A0}.Debug|Any CPU.Build.0 = Debug|Any CPU
		{260410D2-2DD1-4742-ABBD-F9EB553456A0}.Release|Any CPU.ActiveCfg = Release|Any CPU
		{260410D2-2DD1-4742-ABBD-F9EB553456A0}.Release|Any CPU.Build.0 = Release|Any CPU
	EndGlobalSection
	GlobalSection(SolutionProperties) = preSolution
		HideSolutionNode = FALSE
	EndGlobalSection
	GlobalSection(ExtensibilityGlobals) = postSolution
		SolutionGuid = {96F551FF-9F5F-4C94-BAD3-6CAEF6C7E0C3}
	EndGlobalSection
EndGlobal
